
Microsoft Visual Studio Solution File, Format Version 12.00
# Visual Studio 2015
Project("{FAE04EC0-301F-11D3-BF4B-00C04F79EFBC}") = "01-Breaker.CSharp.Plugins", "01-Breaker.CSharp.Plugins.csproj", "{DD1B7A0E-C6F3-721F-68A5-CF01B8E077A5}"
EndProject
Project("{FAE04EC0-301F-11D3-BF4B-00C04F79EFBC}") = "01-Breaker.CSharp", "01-Breaker.CSharp.csproj", "{EB9FDDBF-CBEA-9ABB-FF00-910E7E448EFF}"
EndProject
Global
	GlobalSection(SolutionConfigurationPlatforms) = preSolution
		Debug|Any CPU = Debug|Any CPU
		Release|Any CPU = Release|Any CPU
	EndGlobalSection
	GlobalSection(ProjectConfigurationPlatforms) = postSolution
		{DD1B7A0E-C6F3-721F-68A5-CF01B8E077A5}.Debug|Any CPU.ActiveCfg = Debug|Any CPU
		{DD1B7A0E-C6F3-721F-68A5-CF01B8E077A5}.Debug|Any CPU.Build.0 = Debug|Any CPU
		{DD1B7A0E-C6F3-721F-68A5-CF01B8E077A5}.Release|Any CPU.ActiveCfg = Release|Any CPU
		{DD1B7A0E-C6F3-721F-68A5-CF01B8E077A5}.Release|Any CPU.Build.0 = Release|Any CPU
		{EB9FDDBF-CBEA-9ABB-FF00-910E7E448EFF}.Debug|Any CPU.ActiveCfg = Debug|Any CPU
		{EB9FDDBF-CBEA-9ABB-FF00-910E7E448EFF}.Debug|Any CPU.Build.0 = Debug|Any CPU
		{EB9FDDBF-CBEA-9ABB-FF00-910E7E448EFF}.Release|Any CPU.ActiveCfg = Release|Any CPU
		{EB9FDDBF-CBEA-9ABB-FF00-910E7E448EFF}.Release|Any CPU.Build.0 = Release|Any CPU
	EndGlobalSection
	GlobalSection(SolutionProperties) = preSolution
		HideSolutionNode = FALSE
	EndGlobalSection
EndGlobal
